
Microsoft Visual Studio Solution File, Format Version 12.00
# Visual Studio Version 16
VisualStudioVersion = 16.0.30413.136
MinimumVisualStudioVersion = 10.0.40219.1
Project("{9A19103F-16F7-4668-BE54-9A1E7A4F7556}") = "TSUKAT.Api", "TSUKAT\TSUKAT.Api.csproj", "{AFF72527-4685-45C9-A87E-14EDFF1010D8}"
EndProject
Project("{9A19103F-16F7-4668-BE54-9A1E7A4F7556}") = "TSUKAT.Core", "TSUKAT.Core\TSUKAT.Core.csproj", "{D879D60A-D54F-42C0-84E7-627D2FC649E7}"
EndProject
Project("{FAE04EC0-301F-11D3-BF4B-00C04F79EFBC}") = "TSUKAT.Infrastructure", "TSUKAT.Infrastructure\TSUKAT.Infrastructure.csproj", "{00AF852B-0AF5-49C3-9FB5-0464016284E5}"
EndProject
Global
	GlobalSection(SolutionConfigurationPlatforms) = preSolution
		Debug|Any CPU = Debug|Any CPU
		Release|Any CPU = Release|Any CPU
	EndGlobalSection
	GlobalSection(ProjectConfigurationPlatforms) = postSolution
		{AFF72527-4685-45C9-A87E-14EDFF1010D8}.Debug|Any CPU.ActiveCfg = Debug|Any CPU
		{AFF72527-4685-45C9-A87E-14EDFF1010D8}.Debug|Any CPU.Build.0 = Debug|Any CPU
		{AFF72527-4685-45C9-A87E-14EDFF1010D8}.Release|Any CPU.ActiveCfg = Release|Any CPU
		{AFF72527-4685-45C9-A87E-14EDFF1010D8}.Release|Any CPU.Build.0 = Release|Any CPU
		{D879D60A-D54F-42C0-84E7-627D2FC649E7}.Debug|Any CPU.ActiveCfg = Debug|Any CPU
		{D879D60A-D54F-42C0-84E7-627D2FC649E7}.Debug|Any CPU.Build.0 = Debug|Any CPU
		{D879D60A-D54F-42C0-84E7-627D2FC649E7}.Release|Any CPU.ActiveCfg = Release|Any CPU
		{D879D60A-D54F-42C0-84E7-627D2FC649E7}.Release|Any CPU.Build.0 = Release|Any CPU
		{00AF852B-0AF5-49C3-9FB5-0464016284E5}.Debug|Any CPU.ActiveCfg = Debug|Any CPU
		{00AF852B-0AF5-49C3-9FB5-0464016284E5}.Debug|Any CPU.Build.0 = Debug|Any CPU
		{00AF852B-0AF5-49C3-9FB5-0464016284E5}.Release|Any CPU.ActiveCfg = Release|Any CPU
		{00AF852B-0AF5-49C3-9FB5-0464016284E5}.Release|Any CPU.Build.0 = Release|Any CPU
	EndGlobalSection
	GlobalSection(SolutionProperties) = preSolution
		HideSolutionNode = FALSE
	EndGlobalSection
	GlobalSection(ExtensibilityGlobals) = postSolution
		SolutionGuid = {807AA5A7-36CC-4753-B077-1CC585ADB5CE}
	EndGlobalSection
EndGlobal
